
Microsoft Visual Studio Solution File, Format Version 12.00
# Visual Studio Version 16
VisualStudioVersion = 16.0.32228.343
MinimumVisualStudioVersion = 10.0.40219.1
Project("{FAE04EC0-301F-11D3-BF4B-00C04F79EFBC}") = "PlanerixIPA", "PlanerixIPA\PlanerixIPA.csproj", "{E61425EC-F7FD-43E4-B702-B1BBB7CA3796}"
EndProject
Global
	GlobalSection(SolutionConfigurationPlatforms) = preSolution
		Debug|Any CPU = Debug|Any CPU
		Release|Any CPU = Release|Any CPU
	EndGlobalSection
	GlobalSection(ProjectConfigurationPlatforms) = postSolution
		{E61425EC-F7FD-43E4-B702-B1BBB7CA3796}.Debug|Any CPU.ActiveCfg = Debug|Any CPU
		{E61425EC-F7FD-43E4-B702-B1BBB7CA3796}.Debug|Any CPU.Build.0 = Debug|Any CPU
		{E61425EC-F7FD-43E4-B702-B1BBB7CA3796}.Release|Any CPU.ActiveCfg = Release|Any CPU
		{E61425EC-F7FD-43E4-B702-B1BBB7CA3796}.Release|Any CPU.Build.0 = Release|Any CPU
	EndGlobalSection
	GlobalSection(SolutionProperties) = preSolution
		HideSolutionNode = FALSE
	EndGlobalSection
	GlobalSection(ExtensibilityGlobals) = postSolution
		SolutionGuid = {6EBC7A1C-43CA-4671-BB2A-D961F2FF9003}
	EndGlobalSection
EndGlobal
